
Microsoft Visual Studio Solution File, Format Version 12.00
# Visual Studio 15
VisualStudioVersion = 15.0.28307.902
MinimumVisualStudioVersion = 10.0.40219.1
Project("{FAE04EC0-301F-11D3-BF4B-00C04F79EFBC}") = "TVPlay", "TVPlay\TVPlay.csproj", "{B2FD5EA3-CB51-470B-A58B-E2400983DD79}"
	ProjectSection(ProjectDependencies) = postProject
		{BCCACA68-8BB6-4D9C-B546-795A2A8DEE93} = {BCCACA68-8BB6-4D9C-B546-795A2A8DEE93}
		{9ACA6AE7-49ED-4599-91AC-927680CF9623} = {9ACA6AE7-49ED-4599-91AC-927680CF9623}
	EndProjectSection
EndProject
Project("{8BC9CEB8-8B4A-11D0-8D11-00A0C91BC942}") = "TAS.FFMpegUtils", "TAS.FFMpegUtils\FFMpegUtils.vcxproj", "{AAA90FDF-4E13-490E-A4A4-9B83F522F6C4}"
EndProject
Project("{FAE04EC0-301F-11D3-BF4B-00C04F79EFBC}") = "System.Net.FtpClient", "dependencies\System.Net.FtpClient\source\System.Net.FtpClient.csproj", "{E963B766-56BF-4966-8917-88C1EE69D61A}"
EndProject
Project("{FAE04EC0-301F-11D3-BF4B-00C04F79EFBC}") = "Infralution.Localization.Wpf", "dependencies\Infralution.Localization.Wpf\Infralution.Localization.Wpf.csproj", "{E3D700D5-BDFB-4777-8E9C-53E8F943AC58}"
EndProject
Project("{FAE04EC0-301F-11D3-BF4B-00C04F79EFBC}") = "Svt.Network", "dependencies\Svt\Svt.Network\Svt.Network.csproj", "{941ED6A5-C8DF-459D-BFCE-5C6ED9AC0492}"
EndProject
Project("{FAE04EC0-301F-11D3-BF4B-00C04F79EFBC}") = "Svt.Caspar", "dependencies\Svt\Svt.Caspar\Svt.Caspar.csproj", "{9B56A150-ECE3-4099-AEA1-0F8E115DC374}"
	ProjectSection(ProjectDependencies) = postProject
		{941ED6A5-C8DF-459D-BFCE-5C6ED9AC0492} = {941ED6A5-C8DF-459D-BFCE-5C6ED9AC0492}
	EndProjectSection
EndProject
Project("{2150E333-8FDC-42A3-9474-1A3956D46DE8}") = "Plugins", "Plugins", "{3F907958-AD04-4245-AE71-DC8D06A473E9}"
EndProject
Project("{FAE04EC0-301F-11D3-BF4B-00C04F79EFBC}") = "TAS.Server.Advantech", "Plugins\TAS.Server.LocalDevices\TAS.Server.Advantech.csproj", "{08504AA1-0378-4F07-94AE-F1A40911E1AD}"
EndProject
Project("{FAE04EC0-301F-11D3-BF4B-00C04F79EFBC}") = "TAS.Common", "TAS.Common\TAS.Common.csproj", "{9ACA6AE7-49ED-4599-91AC-927680CF9623}"
EndProject
Project("{FAE04EC0-301F-11D3-BF4B-00C04F79EFBC}") = "TAS.Client.Common", "TAS.Client.Common\TAS.Client.Common.csproj", "{BCCACA68-8BB6-4D9C-B546-795A2A8DEE93}"
	ProjectSection(ProjectDependencies) = postProject
		{9ACA6AE7-49ED-4599-91AC-927680CF9623} = {9ACA6AE7-49ED-4599-91AC-927680CF9623}
	EndProjectSection
EndProject
Project("{FAE04EC0-301F-11D3-BF4B-00C04F79EFBC}") = "TAS.Client.Config", "TAS.Client.Config\TAS.Client.Config.csproj", "{86071DE4-1A5D-4889-B54A-08DA101B2B51}"
EndProject
Project("{FAE04EC0-301F-11D3-BF4B-00C04F79EFBC}") = "TVPlay.config", "TVPlay.config\TVPlay.config.csproj", "{0BB48447-B299-4CE9-AF50-174384B269D0}"
	ProjectSection(ProjectDependencies) = postProject
		{4703CD4F-FA9B-4E2D-91A1-19BC1A73230D} = {4703CD4F-FA9B-4E2D-91A1-19BC1A73230D}
	EndProjectSection
EndProject
Project("{FAE04EC0-301F-11D3-BF4B-00C04F79EFBC}") = "TAS.Client", "TAS.Client\TAS.Client.csproj", "{F6E01E47-5075-42A7-B2A2-BC35BC074F9F}"
EndProject
Project("{FAE04EC0-301F-11D3-BF4B-00C04F79EFBC}") = "TVPlayClient", "TVPlayClient\TVPlayClient.csproj", "{881311DB-0898-4B7B-BB33-E9F16359195A}"
	ProjectSection(ProjectDependencies) = postProject
		{29E2FF1E-7E0D-4CF6-B66A-3A116EB8209F} = {29E2FF1E-7E0D-4CF6-B66A-3A116EB8209F}
	EndProjectSection
EndProject
Project("{FAE04EC0-301F-11D3-BF4B-00C04F79EFBC}") = "TAS.Server", "TAS.Server\TAS.Server.csproj", "{F268CD0E-804F-49CD-A3F2-341E5B6A9927}"
	ProjectSection(ProjectDependencies) = postProject
		{4703CD4F-FA9B-4E2D-91A1-19BC1A73230D} = {4703CD4F-FA9B-4E2D-91A1-19BC1A73230D}
	EndProjectSection
EndProject
Project("{FAE04EC0-301F-11D3-BF4B-00C04F79EFBC}") = "TAS.Client.UiPluginExample", "Plugins\TAS.Client.UiPluginExample\TAS.Client.UiPluginExample.csproj", "{D91C7587-4BF6-4D93-A853-B6D7D30FA319}"
	ProjectSection(ProjectDependencies) = postProject
		{B2FD5EA3-CB51-470B-A58B-E2400983DD79} = {B2FD5EA3-CB51-470B-A58B-E2400983DD79}
	EndProjectSection
EndProject
Project("{FAE04EC0-301F-11D3-BF4B-00C04F79EFBC}") = "TAS.Server.NowPlayingNotifier", "Plugins\TAS.Server.NowPlayingNotifier\TAS.Server.NowPlayingNotifier.csproj", "{12EE9232-10AD-4E0F-A848-42C8A79876B8}"
	ProjectSection(ProjectDependencies) = postProject
		{B2FD5EA3-CB51-470B-A58B-E2400983DD79} = {B2FD5EA3-CB51-470B-A58B-E2400983DD79}
	EndProjectSection
EndProject
Project("{FAE04EC0-301F-11D3-BF4B-00C04F79EFBC}") = "TAS.Server.CgElementsController", "Plugins\TAS.Server.CGElementsController\TAS.Server.CgElementsController.csproj", "{7970C290-A9E8-4ED3-83BC-9E8654ECD8D6}"
	ProjectSection(ProjectDependencies) = postProject
		{B2FD5EA3-CB51-470B-A58B-E2400983DD79} = {B2FD5EA3-CB51-470B-A58B-E2400983DD79}
	EndProjectSection
EndProject
Project("{2150E333-8FDC-42A3-9474-1A3956D46DE8}") = "RemoteClient", "RemoteClient", "{3F966B33-01BF-49D9-9EEC-C6A81308D6F6}"
EndProject
Project("{FAE04EC0-301F-11D3-BF4B-00C04F79EFBC}") = "TAS.Remoting.Proxy", "TAS.Remoting.Proxy\TAS.Remoting.Proxy.csproj", "{29E2FF1E-7E0D-4CF6-B66A-3A116EB8209F}"
EndProject
Project("{FAE04EC0-301F-11D3-BF4B-00C04F79EFBC}") = "TVPlaySvc", "TVPlaySvc\TVPlaySvc.csproj", "{1A1B92CF-3592-47D0-B721-DF40274B7F80}"
EndProject
Project("{2150E333-8FDC-42A3-9474-1A3956D46DE8}") = "External dependencies", "External dependencies", "{9E587B86-2AD9-446D-8DD5-D710167A7F54}"
EndProject
Project("{FAE04EC0-301F-11D3-BF4B-00C04F79EFBC}") = "TAS.Client.NDIVideoPreview", "Plugins\TAS.Client.NDIVideoPreview\TAS.Client.NDIVideoPreview.csproj", "{41219373-E25E-48C8-AD64-EAB58244E713}"
	ProjectSection(ProjectDependencies) = postProject
		{B2FD5EA3-CB51-470B-A58B-E2400983DD79} = {B2FD5EA3-CB51-470B-A58B-E2400983DD79}
	EndProjectSection
EndProject
Project("{FAE04EC0-301F-11D3-BF4B-00C04F79EFBC}") = "TAS.Database.MySqlRedundant", "DatabaseProviders\MySqlRedundant\TAS.Database.MySqlRedundant.csproj", "{4703CD4F-FA9B-4E2D-91A1-19BC1A73230D}"
EndProject
Project("{2150E333-8FDC-42A3-9474-1A3956D46DE8}") = "DatabaseProviders", "DatabaseProviders", "{C15B0F59-C4CF-4B2E-8057-9CDFCBD24F6A}"
EndProject
Project("{FAE04EC0-301F-11D3-BF4B-00C04F79EFBC}") = "MySqlBackup", "dependencies\MySqlBackup\MySqlBackup.csproj", "{2625A6B7-505A-43F7-9282-24AFE5A3DB64}"
EndProject
Project("{FAE04EC0-301F-11D3-BF4B-00C04F79EFBC}") = "TAS.Common.Database", "TAS.Common.Database\TAS.Common.Database.csproj", "{F73445A5-2375-49EA-BD4F-8C6778D8736D}"
EndProject
Project("{FAE04EC0-301F-11D3-BF4B-00C04F79EFBC}") = "TAS.Client.XKeys", "Plugins\TAS.Client.XKeys\TAS.Client.XKeys.csproj", "{296D2876-8284-4E2A-8273-BC88CE854392}"
	ProjectSection(ProjectDependencies) = postProject
		{B2FD5EA3-CB51-470B-A58B-E2400983DD79} = {B2FD5EA3-CB51-470B-A58B-E2400983DD79}
	EndProjectSection
EndProject
Project("{FAE04EC0-301F-11D3-BF4B-00C04F79EFBC}") = "TAS.Client.ExportRundownAsXml", "Plugins\TAS.Client.ExportRundownAsXml\TAS.Client.ExportRundownAsXml.csproj", "{811B2F72-5DFA-4FA2-AEF5-250D69B64711}"
EndProject
Project("{FAE04EC0-301F-11D3-BF4B-00C04F79EFBC}") = "jNet.RPC", "dependencies\jNet.RPC\jNet.RPC\jNet.RPC.csproj", "{15324B69-7D18-49F3-9141-B024079356E8}"
EndProject
Project("{FAE04EC0-301F-11D3-BF4B-00C04F79EFBC}") = "TAS.Server.Router", "Plugins\TAS.Client.Router\TAS.Server.Router.csproj", "{AD45E333-FBC5-42EE-BA3F-66DA6B2C8C1C}"
EndProject
Global
	GlobalSection(SolutionConfigurationPlatforms) = preSolution
		Debug|Any CPU = Debug|Any CPU
		Debug|x64 = Debug|x64
		Debug|x86 = Debug|x86
		Release|Any CPU = Release|Any CPU
		Release|x64 = Release|x64
		Release|x86 = Release|x86
	EndGlobalSection
	GlobalSection(ProjectConfigurationPlatforms) = postSolution
		{B2FD5EA3-CB51-470B-A58B-E2400983DD79}.Debug|Any CPU.ActiveCfg = Debug|Any CPU
		{B2FD5EA3-CB51-470B-A58B-E2400983DD79}.Debug|Any CPU.Build.0 = Debug|Any CPU
		{B2FD5EA3-CB51-470B-A58B-E2400983DD79}.Debug|x64.ActiveCfg = Debug|x64
		{B2FD5EA3-CB51-470B-A58B-E2400983DD79}.Debug|x64.Build.0 = Debug|x64
		{B2FD5EA3-CB51-470B-A58B-E2400983DD79}.Debug|x86.ActiveCfg = Debug|x86
		{B2FD5EA3-CB51-470B-A58B-E2400983DD79}.Debug|x86.Build.0 = Debug|x86
		{B2FD5EA3-CB51-470B-A58B-E2400983DD79}.Release|Any CPU.ActiveCfg = Release|Any CPU
		{B2FD5EA3-CB51-470B-A58B-E2400983DD79}.Release|Any CPU.Build.0 = Release|Any CPU
		{B2FD5EA3-CB51-470B-A58B-E2400983DD79}.Release|x64.ActiveCfg = Release|Any CPU
		{B2FD5EA3-CB51-470B-A58B-E2400983DD79}.Release|x64.Build.0 = Release|Any CPU
		{B2FD5EA3-CB51-470B-A58B-E2400983DD79}.Release|x86.ActiveCfg = Release|x86
		{B2FD5EA3-CB51-470B-A58B-E2400983DD79}.Release|x86.Build.0 = Release|x86
		{AAA90FDF-4E13-490E-A4A4-9B83F522F6C4}.Debug|Any CPU.ActiveCfg = Debug|x64
		{AAA90FDF-4E13-490E-A4A4-9B83F522F6C4}.Debug|x64.ActiveCfg = Debug|x64
		{AAA90FDF-4E13-490E-A4A4-9B83F522F6C4}.Debug|x64.Build.0 = Debug|x64
		{AAA90FDF-4E13-490E-A4A4-9B83F522F6C4}.Debug|x86.ActiveCfg = Debug|Win32
		{AAA90FDF-4E13-490E-A4A4-9B83F522F6C4}.Debug|x86.Build.0 = Debug|Win32
		{AAA90FDF-4E13-490E-A4A4-9B83F522F6C4}.Release|Any CPU.ActiveCfg = Release|x64
		{AAA90FDF-4E13-490E-A4A4-9B83F522F6C4}.Release|Any CPU.Build.0 = Release|x64
		{AAA90FDF-4E13-490E-A4A4-9B83F522F6C4}.Release|x64.ActiveCfg = Release|x64
		{AAA90FDF-4E13-490E-A4A4-9B83F522F6C4}.Release|x64.Build.0 = Release|x64
		{AAA90FDF-4E13-490E-A4A4-9B83F522F6C4}.Release|x86.ActiveCfg = Release|Win32
		{AAA90FDF-4E13-490E-A4A4-9B83F522F6C4}.Release|x86.Build.0 = Release|Win32
		{E963B766-56BF-4966-8917-88C1EE69D61A}.Debug|Any CPU.ActiveCfg = Debug|Any CPU
		{E963B766-56BF-4966-8917-88C1EE69D61A}.Debug|Any CPU.Build.0 = Debug|Any CPU
		{E963B766-56BF-4966-8917-88C1EE69D61A}.Debug|x64.ActiveCfg = Debug|Any CPU
		{E963B766-56BF-4966-8917-88C1EE69D61A}.Debug|x64.Build.0 = Debug|Any CPU
		{E963B766-56BF-4966-8917-88C1EE69D61A}.Debug|x86.ActiveCfg = Debug|Any CPU
		{E963B766-56BF-4966-8917-88C1EE69D61A}.Debug|x86.Build.0 = Debug|Any CPU
		{E963B766-56BF-4966-8917-88C1EE69D61A}.Release|Any CPU.ActiveCfg = Release|Any CPU
		{E963B766-56BF-4966-8917-88C1EE69D61A}.Release|Any CPU.Build.0 = Release|Any CPU
		{E963B766-56BF-4966-8917-88C1EE69D61A}.Release|x64.ActiveCfg = Release|Any CPU
		{E963B766-56BF-4966-8917-88C1EE69D61A}.Release|x64.Build.0 = Release|Any CPU
		{E963B766-56BF-4966-8917-88C1EE69D61A}.Release|x86.ActiveCfg = Release|Any CPU
		{E963B766-56BF-4966-8917-88C1EE69D61A}.Release|x86.Build.0 = Release|Any CPU
		{E3D700D5-BDFB-4777-8E9C-53E8F943AC58}.Debug|Any CPU.ActiveCfg = Debug|Any CPU
		{E3D700D5-BDFB-4777-8E9C-53E8F943AC58}.Debug|Any CPU.Build.0 = Debug|Any CPU
		{E3D700D5-BDFB-4777-8E9C-53E8F943AC58}.Debug|x64.ActiveCfg = Debug|Any CPU
		{E3D700D5-BDFB-4777-8E9C-53E8F943AC58}.Debug|x64.Build.0 = Debug|Any CPU
		{E3D700D5-BDFB-4777-8E9C-53E8F943AC58}.Debug|x86.ActiveCfg = Debug|Any CPU
		{E3D700D5-BDFB-4777-8E9C-53E8F943AC58}.Debug|x86.Build.0 = Debug|Any CPU
		{E3D700D5-BDFB-4777-8E9C-53E8F943AC58}.Release|Any CPU.ActiveCfg = Release|Any CPU
		{E3D700D5-BDFB-4777-8E9C-53E8F943AC58}.Release|Any CPU.Build.0 = Release|Any CPU
		{E3D700D5-BDFB-4777-8E9C-53E8F943AC58}.Release|x64.ActiveCfg = Release|Any CPU
		{E3D700D5-BDFB-4777-8E9C-53E8F943AC58}.Release|x64.Build.0 = Release|Any CPU
		{E3D700D5-BDFB-4777-8E9C-53E8F943AC58}.Release|x86.ActiveCfg = Release|Any CPU
		{E3D700D5-BDFB-4777-8E9C-53E8F943AC58}.Release|x86.Build.0 = Release|Any CPU
		{941ED6A5-C8DF-459D-BFCE-5C6ED9AC0492}.Debug|Any CPU.ActiveCfg = Debug|Any CPU
		{941ED6A5-C8DF-459D-BFCE-5C6ED9AC0492}.Debug|Any CPU.Build.0 = Debug|Any CPU
		{941ED6A5-C8DF-459D-BFCE-5C6ED9AC0492}.Debug|x64.ActiveCfg = Debug|Any CPU
		{941ED6A5-C8DF-459D-BFCE-5C6ED9AC0492}.Debug|x64.Build.0 = Debug|Any CPU
		{941ED6A5-C8DF-459D-BFCE-5C6ED9AC0492}.Debug|x86.ActiveCfg = Debug|x86
		{941ED6A5-C8DF-459D-BFCE-5C6ED9AC0492}.Debug|x86.Build.0 = Debug|x86
		{941ED6A5-C8DF-459D-BFCE-5C6ED9AC0492}.Release|Any CPU.ActiveCfg = Release|Any CPU
		{941ED6A5-C8DF-459D-BFCE-5C6ED9AC0492}.Release|Any CPU.Build.0 = Release|Any CPU
		{941ED6A5-C8DF-459D-BFCE-5C6ED9AC0492}.Release|x64.ActiveCfg = Release|Any CPU
		{941ED6A5-C8DF-459D-BFCE-5C6ED9AC0492}.Release|x64.Build.0 = Release|Any CPU
		{941ED6A5-C8DF-459D-BFCE-5C6ED9AC0492}.Release|x86.ActiveCfg = Release|x86
		{941ED6A5-C8DF-459D-BFCE-5C6ED9AC0492}.Release|x86.Build.0 = Release|x86
		{9B56A150-ECE3-4099-AEA1-0F8E115DC374}.Debug|Any CPU.ActiveCfg = Debug|Any CPU
		{9B56A150-ECE3-4099-AEA1-0F8E115DC374}.Debug|Any CPU.Build.0 = Debug|Any CPU
		{9B56A150-ECE3-4099-AEA1-0F8E115DC374}.Debug|x64.ActiveCfg = Debug|Any CPU
		{9B56A150-ECE3-4099-AEA1-0F8E115DC374}.Debug|x64.Build.0 = Debug|Any CPU
		{9B56A150-ECE3-4099-AEA1-0F8E115DC374}.Debug|x86.ActiveCfg = Debug|x86
		{9B56A150-ECE3-4099-AEA1-0F8E115DC374}.Debug|x86.Build.0 = Debug|x86
		{9B56A150-ECE3-4099-AEA1-0F8E115DC374}.Release|Any CPU.ActiveCfg = Release|Any CPU
		{9B56A150-ECE3-4099-AEA1-0F8E115DC374}.Release|Any CPU.Build.0 = Release|Any CPU
		{9B56A150-ECE3-4099-AEA1-0F8E115DC374}.Release|x64.ActiveCfg = Release|Any CPU
		{9B56A150-ECE3-4099-AEA1-0F8E115DC374}.Release|x64.Build.0 = Release|Any CPU
		{9B56A150-ECE3-4099-AEA1-0F8E115DC374}.Release|x86.ActiveCfg = Release|x86
		{9B56A150-ECE3-4099-AEA1-0F8E115DC374}.Release|x86.Build.0 = Release|x86
		{08504AA1-0378-4F07-94AE-F1A40911E1AD}.Debug|Any CPU.ActiveCfg = Debug|Any CPU
		{08504AA1-0378-4F07-94AE-F1A40911E1AD}.Debug|Any CPU.Build.0 = Debug|Any CPU
		{08504AA1-0378-4F07-94AE-F1A40911E1AD}.Debug|x64.ActiveCfg = Debug|Any CPU
		{08504AA1-0378-4F07-94AE-F1A40911E1AD}.Debug|x86.ActiveCfg = Debug|Any CPU
		{08504AA1-0378-4F07-94AE-F1A40911E1AD}.Debug|x86.Build.0 = Debug|Any CPU
		{08504AA1-0378-4F07-94AE-F1A40911E1AD}.Release|Any CPU.ActiveCfg = Release|Any CPU
		{08504AA1-0378-4F07-94AE-F1A40911E1AD}.Release|Any CPU.Build.0 = Release|Any CPU
		{08504AA1-0378-4F07-94AE-F1A40911E1AD}.Release|x64.ActiveCfg = Release|Any CPU
		{08504AA1-0378-4F07-94AE-F1A40911E1AD}.Release|x64.Build.0 = Release|Any CPU
		{08504AA1-0378-4F07-94AE-F1A40911E1AD}.Release|x86.ActiveCfg = Release|Any CPU
		{08504AA1-0378-4F07-94AE-F1A40911E1AD}.Release|x86.Build.0 = Release|Any CPU
		{9ACA6AE7-49ED-4599-91AC-927680CF9623}.Debug|Any CPU.ActiveCfg = Debug|Any CPU
		{9ACA6AE7-49ED-4599-91AC-927680CF9623}.Debug|Any CPU.Build.0 = Debug|Any CPU
		{9ACA6AE7-49ED-4599-91AC-927680CF9623}.Debug|x64.ActiveCfg = Debug|Any CPU
		{9ACA6AE7-49ED-4599-91AC-927680CF9623}.Debug|x64.Build.0 = Debug|Any CPU
		{9ACA6AE7-49ED-4599-91AC-927680CF9623}.Debug|x86.ActiveCfg = Debug|Any CPU
		{9ACA6AE7-49ED-4599-91AC-927680CF9623}.Debug|x86.Build.0 = Debug|Any CPU
		{9ACA6AE7-49ED-4599-91AC-927680CF9623}.Release|Any CPU.ActiveCfg = Release|Any CPU
		{9ACA6AE7-49ED-4599-91AC-927680CF9623}.Release|Any CPU.Build.0 = Release|Any CPU
		{9ACA6AE7-49ED-4599-91AC-927680CF9623}.Release|x64.ActiveCfg = Release|Any CPU
		{9ACA6AE7-49ED-4599-91AC-927680CF9623}.Release|x64.Build.0 = Release|Any CPU
		{9ACA6AE7-49ED-4599-91AC-927680CF9623}.Release|x86.ActiveCfg = Release|Any CPU
		{9ACA6AE7-49ED-4599-91AC-927680CF9623}.Release|x86.Build.0 = Release|Any CPU
		{BCCACA68-8BB6-4D9C-B546-795A2A8DEE93}.Debug|Any CPU.ActiveCfg = Debug|Any CPU
		{BCCACA68-8BB6-4D9C-B546-795A2A8DEE93}.Debug|Any CPU.Build.0 = Debug|Any CPU
		{BCCACA68-8BB6-4D9C-B546-795A2A8DEE93}.Debug|x64.ActiveCfg = Debug|Any CPU
		{BCCACA68-8BB6-4D9C-B546-795A2A8DEE93}.Debug|x64.Build.0 = Debug|Any CPU
		{BCCACA68-8BB6-4D9C-B546-795A2A8DEE93}.Debug|x86.ActiveCfg = Debug|Any CPU
		{BCCACA68-8BB6-4D9C-B546-795A2A8DEE93}.Debug|x86.Build.0 = Debug|Any CPU
		{BCCACA68-8BB6-4D9C-B546-795A2A8DEE93}.Release|Any CPU.ActiveCfg = Release|Any CPU
		{BCCACA68-8BB6-4D9C-B546-795A2A8DEE93}.Release|Any CPU.Build.0 = Release|Any CPU
		{BCCACA68-8BB6-4D9C-B546-795A2A8DEE93}.Release|x64.ActiveCfg = Release|Any CPU
		{BCCACA68-8BB6-4D9C-B546-795A2A8DEE93}.Release|x64.Build.0 = Release|Any CPU
		{BCCACA68-8BB6-4D9C-B546-795A2A8DEE93}.Release|x86.ActiveCfg = Release|Any CPU
		{BCCACA68-8BB6-4D9C-B546-795A2A8DEE93}.Release|x86.Build.0 = Release|Any CPU
		{86071DE4-1A5D-4889-B54A-08DA101B2B51}.Debug|Any CPU.ActiveCfg = Debug|Any CPU
		{86071DE4-1A5D-4889-B54A-08DA101B2B51}.Debug|Any CPU.Build.0 = Debug|Any CPU
		{86071DE4-1A5D-4889-B54A-08DA101B2B51}.Debug|x64.ActiveCfg = Debug|Any CPU
		{86071DE4-1A5D-4889-B54A-08DA101B2B51}.Debug|x64.Build.0 = Debug|Any CPU
		{86071DE4-1A5D-4889-B54A-08DA101B2B51}.Debug|x86.ActiveCfg = Debug|Any CPU
		{86071DE4-1A5D-4889-B54A-08DA101B2B51}.Debug|x86.Build.0 = Debug|Any CPU
		{86071DE4-1A5D-4889-B54A-08DA101B2B51}.Release|Any CPU.ActiveCfg = Release|Any CPU
		{86071DE4-1A5D-4889-B54A-08DA101B2B51}.Release|Any CPU.Build.0 = Release|Any CPU
		{86071DE4-1A5D-4889-B54A-08DA101B2B51}.Release|x64.ActiveCfg = Release|Any CPU
		{86071DE4-1A5D-4889-B54A-08DA101B2B51}.Release|x64.Build.0 = Release|Any CPU
		{86071DE4-1A5D-4889-B54A-08DA101B2B51}.Release|x86.ActiveCfg = Release|Any CPU
		{86071DE4-1A5D-4889-B54A-08DA101B2B51}.Release|x86.Build.0 = Release|Any CPU
		{0BB48447-B299-4CE9-AF50-174384B269D0}.Debug|Any CPU.ActiveCfg = Debug|Any CPU
		{0BB48447-B299-4CE9-AF50-174384B269D0}.Debug|Any CPU.Build.0 = Debug|Any CPU
		{0BB48447-B299-4CE9-AF50-174384B269D0}.Debug|x64.ActiveCfg = Debug|Any CPU
		{0BB48447-B299-4CE9-AF50-174384B269D0}.Debug|x64.Build.0 = Debug|Any CPU
		{0BB48447-B299-4CE9-AF50-174384B269D0}.Debug|x86.ActiveCfg = Debug|Any CPU
		{0BB48447-B299-4CE9-AF50-174384B269D0}.Debug|x86.Build.0 = Debug|Any CPU
		{0BB48447-B299-4CE9-AF50-174384B269D0}.Release|Any CPU.ActiveCfg = Release|Any CPU
		{0BB48447-B299-4CE9-AF50-174384B269D0}.Release|Any CPU.Build.0 = Release|Any CPU
		{0BB48447-B299-4CE9-AF50-174384B269D0}.Release|x64.ActiveCfg = Release|Any CPU
		{0BB48447-B299-4CE9-AF50-174384B269D0}.Release|x64.Build.0 = Release|Any CPU
		{0BB48447-B299-4CE9-AF50-174384B269D0}.Release|x86.ActiveCfg = Release|Any CPU
		{0BB48447-B299-4CE9-AF50-174384B269D0}.Release|x86.Build.0 = Release|Any CPU
		{F6E01E47-5075-42A7-B2A2-BC35BC074F9F}.Debug|Any CPU.ActiveCfg = Debug|Any CPU
		{F6E01E47-5075-42A7-B2A2-BC35BC074F9F}.Debug|Any CPU.Build.0 = Debug|Any CPU
		{F6E01E47-5075-42A7-B2A2-BC35BC074F9F}.Debug|x64.ActiveCfg = Debug|Any CPU
		{F6E01E47-5075-42A7-B2A2-BC35BC074F9F}.Debug|x64.Build.0 = Debug|Any CPU
		{F6E01E47-5075-42A7-B2A2-BC35BC074F9F}.Debug|x86.ActiveCfg = Debug|Any CPU
		{F6E01E47-5075-42A7-B2A2-BC35BC074F9F}.Debug|x86.Build.0 = Debug|Any CPU
		{F6E01E47-5075-42A7-B2A2-BC35BC074F9F}.Release|Any CPU.ActiveCfg = Release|Any CPU
		{F6E01E47-5075-42A7-B2A2-BC35BC074F9F}.Release|Any CPU.Build.0 = Release|Any CPU
		{F6E01E47-5075-42A7-B2A2-BC35BC074F9F}.Release|x64.ActiveCfg = Release|Any CPU
		{F6E01E47-5075-42A7-B2A2-BC35BC074F9F}.Release|x64.Build.0 = Release|Any CPU
		{F6E01E47-5075-42A7-B2A2-BC35BC074F9F}.Release|x86.ActiveCfg = Release|Any CPU
		{F6E01E47-5075-42A7-B2A2-BC35BC074F9F}.Release|x86.Build.0 = Release|Any CPU
		{881311DB-0898-4B7B-BB33-E9F16359195A}.Debug|Any CPU.ActiveCfg = Debug|Any CPU
		{881311DB-0898-4B7B-BB33-E9F16359195A}.Debug|Any CPU.Build.0 = Debug|Any CPU
		{881311DB-0898-4B7B-BB33-E9F16359195A}.Debug|x64.ActiveCfg = Debug|Any CPU
		{881311DB-0898-4B7B-BB33-E9F16359195A}.Debug|x64.Build.0 = Debug|Any CPU
		{881311DB-0898-4B7B-BB33-E9F16359195A}.Debug|x86.ActiveCfg = Debug|Any CPU
		{881311DB-0898-4B7B-BB33-E9F16359195A}.Debug|x86.Build.0 = Debug|Any CPU
		{881311DB-0898-4B7B-BB33-E9F16359195A}.Release|Any CPU.ActiveCfg = Release|Any CPU
		{881311DB-0898-4B7B-BB33-E9F16359195A}.Release|Any CPU.Build.0 = Release|Any CPU
		{881311DB-0898-4B7B-BB33-E9F16359195A}.Release|x64.ActiveCfg = Release|Any CPU
		{881311DB-0898-4B7B-BB33-E9F16359195A}.Release|x64.Build.0 = Release|Any CPU
		{881311DB-0898-4B7B-BB33-E9F16359195A}.Release|x86.ActiveCfg = Release|Any CPU
		{881311DB-0898-4B7B-BB33-E9F16359195A}.Release|x86.Build.0 = Release|Any CPU
		{F268CD0E-804F-49CD-A3F2-341E5B6A9927}.Debug|Any CPU.ActiveCfg = Debug|Any CPU
		{F268CD0E-804F-49CD-A3F2-341E5B6A9927}.Debug|Any CPU.Build.0 = Debug|Any CPU
		{F268CD0E-804F-49CD-A3F2-341E5B6A9927}.Debug|x64.ActiveCfg = Debug|Any CPU
		{F268CD0E-804F-49CD-A3F2-341E5B6A9927}.Debug|x64.Build.0 = Debug|Any CPU
		{F268CD0E-804F-49CD-A3F2-341E5B6A9927}.Debug|x86.ActiveCfg = Debug|Any CPU
		{F268CD0E-804F-49CD-A3F2-341E5B6A9927}.Debug|x86.Build.0 = Debug|Any CPU
		{F268CD0E-804F-49CD-A3F2-341E5B6A9927}.Release|Any CPU.ActiveCfg = Release|Any CPU
		{F268CD0E-804F-49CD-A3F2-341E5B6A9927}.Release|Any CPU.Build.0 = Release|Any CPU
		{F268CD0E-804F-49CD-A3F2-341E5B6A9927}.Release|x64.ActiveCfg = Release|Any CPU
		{F268CD0E-804F-49CD-A3F2-341E5B6A9927}.Release|x64.Build.0 = Release|Any CPU
		{F268CD0E-804F-49CD-A3F2-341E5B6A9927}.Release|x86.ActiveCfg = Release|Any CPU
		{F268CD0E-804F-49CD-A3F2-341E5B6A9927}.Release|x86.Build.0 = Release|Any CPU
		{D91C7587-4BF6-4D93-A853-B6D7D30FA319}.Debug|Any CPU.ActiveCfg = Debug|Any CPU
		{D91C7587-4BF6-4D93-A853-B6D7D30FA319}.Debug|Any CPU.Build.0 = Debug|Any CPU
		{D91C7587-4BF6-4D93-A853-B6D7D30FA319}.Debug|x64.ActiveCfg = Debug|Any CPU
		{D91C7587-4BF6-4D93-A853-B6D7D30FA319}.Debug|x86.ActiveCfg = Debug|Any CPU
		{D91C7587-4BF6-4D93-A853-B6D7D30FA319}.Debug|x86.Build.0 = Debug|Any CPU
		{D91C7587-4BF6-4D93-A853-B6D7D30FA319}.Release|Any CPU.ActiveCfg = Release|Any CPU
		{D91C7587-4BF6-4D93-A853-B6D7D30FA319}.Release|Any CPU.Build.0 = Release|Any CPU
		{D91C7587-4BF6-4D93-A853-B6D7D30FA319}.Release|x64.ActiveCfg = Release|Any CPU
		{D91C7587-4BF6-4D93-A853-B6D7D30FA319}.Release|x64.Build.0 = Release|Any CPU
		{D91C7587-4BF6-4D93-A853-B6D7D30FA319}.Release|x86.ActiveCfg = Release|Any CPU
		{D91C7587-4BF6-4D93-A853-B6D7D30FA319}.Release|x86.Build.0 = Release|Any CPU
		{12EE9232-10AD-4E0F-A848-42C8A79876B8}.Debug|Any CPU.ActiveCfg = Debug|Any CPU
		{12EE9232-10AD-4E0F-A848-42C8A79876B8}.Debug|Any CPU.Build.0 = Debug|Any CPU
		{12EE9232-10AD-4E0F-A848-42C8A79876B8}.Debug|x64.ActiveCfg = Debug|Any CPU
		{12EE9232-10AD-4E0F-A848-42C8A79876B8}.Debug|x86.ActiveCfg = Debug|Any CPU
		{12EE9232-10AD-4E0F-A848-42C8A79876B8}.Debug|x86.Build.0 = Debug|Any CPU
		{12EE9232-10AD-4E0F-A848-42C8A79876B8}.Release|Any CPU.ActiveCfg = Release|Any CPU
		{12EE9232-10AD-4E0F-A848-42C8A79876B8}.Release|Any CPU.Build.0 = Release|Any CPU
		{12EE9232-10AD-4E0F-A848-42C8A79876B8}.Release|x64.ActiveCfg = Release|Any CPU
		{12EE9232-10AD-4E0F-A848-42C8A79876B8}.Release|x64.Build.0 = Release|Any CPU
		{12EE9232-10AD-4E0F-A848-42C8A79876B8}.Release|x86.ActiveCfg = Release|Any CPU
		{12EE9232-10AD-4E0F-A848-42C8A79876B8}.Release|x86.Build.0 = Release|Any CPU
		{7970C290-A9E8-4ED3-83BC-9E8654ECD8D6}.Debug|Any CPU.ActiveCfg = Debug|Any CPU
		{7970C290-A9E8-4ED3-83BC-9E8654ECD8D6}.Debug|Any CPU.Build.0 = Debug|Any CPU
		{7970C290-A9E8-4ED3-83BC-9E8654ECD8D6}.Debug|x64.ActiveCfg = Debug|Any CPU
		{7970C290-A9E8-4ED3-83BC-9E8654ECD8D6}.Debug|x86.ActiveCfg = Debug|Any CPU
		{7970C290-A9E8-4ED3-83BC-9E8654ECD8D6}.Debug|x86.Build.0 = Debug|Any CPU
		{7970C290-A9E8-4ED3-83BC-9E8654ECD8D6}.Release|Any CPU.ActiveCfg = Release|Any CPU
		{7970C290-A9E8-4ED3-83BC-9E8654ECD8D6}.Release|Any CPU.Build.0 = Release|Any CPU
		{7970C290-A9E8-4ED3-83BC-9E8654ECD8D6}.Release|x64.ActiveCfg = Release|Any CPU
		{7970C290-A9E8-4ED3-83BC-9E8654ECD8D6}.Release|x64.Build.0 = Release|Any CPU
		{7970C290-A9E8-4ED3-83BC-9E8654ECD8D6}.Release|x86.ActiveCfg = Release|Any CPU
		{7970C290-A9E8-4ED3-83BC-9E8654ECD8D6}.Release|x86.Build.0 = Release|Any CPU
		{29E2FF1E-7E0D-4CF6-B66A-3A116EB8209F}.Debug|Any CPU.ActiveCfg = Debug|Any CPU
		{29E2FF1E-7E0D-4CF6-B66A-3A116EB8209F}.Debug|Any CPU.Build.0 = Debug|Any CPU
		{29E2FF1E-7E0D-4CF6-B66A-3A116EB8209F}.Debug|x64.ActiveCfg = Debug|Any CPU
		{29E2FF1E-7E0D-4CF6-B66A-3A116EB8209F}.Debug|x64.Build.0 = Debug|Any CPU
		{29E2FF1E-7E0D-4CF6-B66A-3A116EB8209F}.Debug|x86.ActiveCfg = Debug|Any CPU
		{29E2FF1E-7E0D-4CF6-B66A-3A116EB8209F}.Debug|x86.Build.0 = Debug|Any CPU
		{29E2FF1E-7E0D-4CF6-B66A-3A116EB8209F}.Release|Any CPU.ActiveCfg = Release|Any CPU
		{29E2FF1E-7E0D-4CF6-B66A-3A116EB8209F}.Release|Any CPU.Build.0 = Release|Any CPU
		{29E2FF1E-7E0D-4CF6-B66A-3A116EB8209F}.Release|x64.ActiveCfg = Release|Any CPU
		{29E2FF1E-7E0D-4CF6-B66A-3A116EB8209F}.Release|x64.Build.0 = Release|Any CPU
		{29E2FF1E-7E0D-4CF6-B66A-3A116EB8209F}.Release|x86.ActiveCfg = Release|Any CPU
		{29E2FF1E-7E0D-4CF6-B66A-3A116EB8209F}.Release|x86.Build.0 = Release|Any CPU
		{1A1B92CF-3592-47D0-B721-DF40274B7F80}.Debug|Any CPU.ActiveCfg = Debug|Any CPU
		{1A1B92CF-3592-47D0-B721-DF40274B7F80}.Debug|Any CPU.Build.0 = Debug|Any CPU
		{1A1B92CF-3592-47D0-B721-DF40274B7F80}.Debug|x64.ActiveCfg = Debug|Any CPU
		{1A1B92CF-3592-47D0-B721-DF40274B7F80}.Debug|x64.Build.0 = Debug|Any CPU
		{1A1B92CF-3592-47D0-B721-DF40274B7F80}.Debug|x86.ActiveCfg = Debug|Any CPU
		{1A1B92CF-3592-47D0-B721-DF40274B7F80}.Debug|x86.Build.0 = Debug|Any CPU
		{1A1B92CF-3592-47D0-B721-DF40274B7F80}.Release|Any CPU.ActiveCfg = Release|Any CPU
		{1A1B92CF-3592-47D0-B721-DF40274B7F80}.Release|Any CPU.Build.0 = Release|Any CPU
		{1A1B92CF-3592-47D0-B721-DF40274B7F80}.Release|x64.ActiveCfg = Release|Any CPU
		{1A1B92CF-3592-47D0-B721-DF40274B7F80}.Release|x64.Build.0 = Release|Any CPU
		{1A1B92CF-3592-47D0-B721-DF40274B7F80}.Release|x86.ActiveCfg = Release|Any CPU
		{1A1B92CF-3592-47D0-B721-DF40274B7F80}.Release|x86.Build.0 = Release|Any CPU
		{41219373-E25E-48C8-AD64-EAB58244E713}.Debug|Any CPU.ActiveCfg = Debug|Any CPU
		{41219373-E25E-48C8-AD64-EAB58244E713}.Debug|Any CPU.Build.0 = Debug|Any CPU
		{41219373-E25E-48C8-AD64-EAB58244E713}.Debug|x64.ActiveCfg = Debug|Any CPU
		{41219373-E25E-48C8-AD64-EAB58244E713}.Debug|x86.ActiveCfg = Debug|Any CPU
		{41219373-E25E-48C8-AD64-EAB58244E713}.Debug|x86.Build.0 = Debug|Any CPU
		{41219373-E25E-48C8-AD64-EAB58244E713}.Release|Any CPU.ActiveCfg = Release|Any CPU
		{41219373-E25E-48C8-AD64-EAB58244E713}.Release|Any CPU.Build.0 = Release|Any CPU
		{41219373-E25E-48C8-AD64-EAB58244E713}.Release|x64.ActiveCfg = Release|Any CPU
		{41219373-E25E-48C8-AD64-EAB58244E713}.Release|x64.Build.0 = Release|Any CPU
		{41219373-E25E-48C8-AD64-EAB58244E713}.Release|x86.ActiveCfg = Release|Any CPU
		{41219373-E25E-48C8-AD64-EAB58244E713}.Release|x86.Build.0 = Release|Any CPU
		{4703CD4F-FA9B-4E2D-91A1-19BC1A73230D}.Debug|Any CPU.ActiveCfg = Debug|Any CPU
		{4703CD4F-FA9B-4E2D-91A1-19BC1A73230D}.Debug|Any CPU.Build.0 = Debug|Any CPU
		{4703CD4F-FA9B-4E2D-91A1-19BC1A73230D}.Debug|x64.ActiveCfg = Debug|Any CPU
		{4703CD4F-FA9B-4E2D-91A1-19BC1A73230D}.Debug|x64.Build.0 = Debug|Any CPU
		{4703CD4F-FA9B-4E2D-91A1-19BC1A73230D}.Debug|x86.ActiveCfg = Debug|Any CPU
		{4703CD4F-FA9B-4E2D-91A1-19BC1A73230D}.Debug|x86.Build.0 = Debug|Any CPU
		{4703CD4F-FA9B-4E2D-91A1-19BC1A73230D}.Release|Any CPU.ActiveCfg = Release|Any CPU
		{4703CD4F-FA9B-4E2D-91A1-19BC1A73230D}.Release|Any CPU.Build.0 = Release|Any CPU
		{4703CD4F-FA9B-4E2D-91A1-19BC1A73230D}.Release|x64.ActiveCfg = Release|Any CPU
		{4703CD4F-FA9B-4E2D-91A1-19BC1A73230D}.Release|x64.Build.0 = Release|Any CPU
		{4703CD4F-FA9B-4E2D-91A1-19BC1A73230D}.Release|x86.ActiveCfg = Release|Any CPU
		{4703CD4F-FA9B-4E2D-91A1-19BC1A73230D}.Release|x86.Build.0 = Release|Any CPU
		{2625A6B7-505A-43F7-9282-24AFE5A3DB64}.Debug|Any CPU.ActiveCfg = Debug|Any CPU
		{2625A6B7-505A-43F7-9282-24AFE5A3DB64}.Debug|Any CPU.Build.0 = Debug|Any CPU
		{2625A6B7-505A-43F7-9282-24AFE5A3DB64}.Debug|x64.ActiveCfg = Debug|Any CPU
		{2625A6B7-505A-43F7-9282-24AFE5A3DB64}.Debug|x64.Build.0 = Debug|Any CPU
		{2625A6B7-505A-43F7-9282-24AFE5A3DB64}.Debug|x86.ActiveCfg = Debug|Any CPU
		{2625A6B7-505A-43F7-9282-24AFE5A3DB64}.Debug|x86.Build.0 = Debug|Any CPU
		{2625A6B7-505A-43F7-9282-24AFE5A3DB64}.Release|Any CPU.ActiveCfg = Release|Any CPU
		{2625A6B7-505A-43F7-9282-24AFE5A3DB64}.Release|Any CPU.Build.0 = Release|Any CPU
		{2625A6B7-505A-43F7-9282-24AFE5A3DB64}.Release|x64.ActiveCfg = Release|Any CPU
		{2625A6B7-505A-43F7-9282-24AFE5A3DB64}.Release|x64.Build.0 = Release|Any CPU
		{2625A6B7-505A-43F7-9282-24AFE5A3DB64}.Release|x86.ActiveCfg = Release|Any CPU
		{2625A6B7-505A-43F7-9282-24AFE5A3DB64}.Release|x86.Build.0 = Release|Any CPU
		{F73445A5-2375-49EA-BD4F-8C6778D8736D}.Debug|Any CPU.ActiveCfg = Debug|Any CPU
		{F73445A5-2375-49EA-BD4F-8C6778D8736D}.Debug|Any CPU.Build.0 = Debug|Any CPU
		{F73445A5-2375-49EA-BD4F-8C6778D8736D}.Debug|x64.ActiveCfg = Debug|Any CPU
		{F73445A5-2375-49EA-BD4F-8C6778D8736D}.Debug|x64.Build.0 = Debug|Any CPU
		{F73445A5-2375-49EA-BD4F-8C6778D8736D}.Debug|x86.ActiveCfg = Debug|Any CPU
		{F73445A5-2375-49EA-BD4F-8C6778D8736D}.Debug|x86.Build.0 = Debug|Any CPU
		{F73445A5-2375-49EA-BD4F-8C6778D8736D}.Release|Any CPU.ActiveCfg = Release|Any CPU
		{F73445A5-2375-49EA-BD4F-8C6778D8736D}.Release|Any CPU.Build.0 = Release|Any CPU
		{F73445A5-2375-49EA-BD4F-8C6778D8736D}.Release|x64.ActiveCfg = Release|Any CPU
		{F73445A5-2375-49EA-BD4F-8C6778D8736D}.Release|x64.Build.0 = Release|Any CPU
		{F73445A5-2375-49EA-BD4F-8C6778D8736D}.Release|x86.ActiveCfg = Release|Any CPU
		{F73445A5-2375-49EA-BD4F-8C6778D8736D}.Release|x86.Build.0 = Release|Any CPU
		{296D2876-8284-4E2A-8273-BC88CE854392}.Debug|Any CPU.ActiveCfg = Debug|Any CPU
		{296D2876-8284-4E2A-8273-BC88CE854392}.Debug|Any CPU.Build.0 = Debug|Any CPU
		{296D2876-8284-4E2A-8273-BC88CE854392}.Debug|x64.ActiveCfg = Debug|Any CPU
		{296D2876-8284-4E2A-8273-BC88CE854392}.Debug|x86.ActiveCfg = Debug|Any CPU
		{296D2876-8284-4E2A-8273-BC88CE854392}.Debug|x86.Build.0 = Debug|Any CPU
		{296D2876-8284-4E2A-8273-BC88CE854392}.Release|Any CPU.ActiveCfg = Release|Any CPU
		{296D2876-8284-4E2A-8273-BC88CE854392}.Release|Any CPU.Build.0 = Release|Any CPU
		{296D2876-8284-4E2A-8273-BC88CE854392}.Release|x64.ActiveCfg = Release|Any CPU
		{296D2876-8284-4E2A-8273-BC88CE854392}.Release|x64.Build.0 = Release|Any CPU
		{296D2876-8284-4E2A-8273-BC88CE854392}.Release|x86.ActiveCfg = Release|Any CPU
		{296D2876-8284-4E2A-8273-BC88CE854392}.Release|x86.Build.0 = Release|Any CPU
		{811B2F72-5DFA-4FA2-AEF5-250D69B64711}.Debug|Any CPU.ActiveCfg = Debug|Any CPU
		{811B2F72-5DFA-4FA2-AEF5-250D69B64711}.Debug|Any CPU.Build.0 = Debug|Any CPU
		{811B2F72-5DFA-4FA2-AEF5-250D69B64711}.Debug|x64.ActiveCfg = Debug|Any CPU
		{811B2F72-5DFA-4FA2-AEF5-250D69B64711}.Debug|x86.ActiveCfg = Debug|Any CPU
		{811B2F72-5DFA-4FA2-AEF5-250D69B64711}.Debug|x86.Build.0 = Debug|Any CPU
		{811B2F72-5DFA-4FA2-AEF5-250D69B64711}.Release|Any CPU.ActiveCfg = Release|Any CPU
		{811B2F72-5DFA-4FA2-AEF5-250D69B64711}.Release|Any CPU.Build.0 = Release|Any CPU
		{811B2F72-5DFA-4FA2-AEF5-250D69B64711}.Release|x64.ActiveCfg = Release|Any CPU
		{811B2F72-5DFA-4FA2-AEF5-250D69B64711}.Release|x64.Build.0 = Release|Any CPU
		{811B2F72-5DFA-4FA2-AEF5-250D69B64711}.Release|x86.ActiveCfg = Release|Any CPU
		{811B2F72-5DFA-4FA2-AEF5-250D69B64711}.Release|x86.Build.0 = Release|Any CPU
		{15324B69-7D18-49F3-9141-B024079356E8}.Debug|Any CPU.ActiveCfg = Debug|Any CPU
		{15324B69-7D18-49F3-9141-B024079356E8}.Debug|Any CPU.Build.0 = Debug|Any CPU
		{15324B69-7D18-49F3-9141-B024079356E8}.Debug|x64.ActiveCfg = Debug|Any CPU
		{15324B69-7D18-49F3-9141-B024079356E8}.Debug|x64.Build.0 = Debug|Any CPU
		{15324B69-7D18-49F3-9141-B024079356E8}.Debug|x86.ActiveCfg = Debug|Any CPU
		{15324B69-7D18-49F3-9141-B024079356E8}.Debug|x86.Build.0 = Debug|Any CPU
		{15324B69-7D18-49F3-9141-B024079356E8}.Release|Any CPU.ActiveCfg = Release|Any CPU
		{15324B69-7D18-49F3-9141-B024079356E8}.Release|Any CPU.Build.0 = Release|Any CPU
		{15324B69-7D18-49F3-9141-B024079356E8}.Release|x64.ActiveCfg = Release|Any CPU
		{15324B69-7D18-49F3-9141-B024079356E8}.Release|x64.Build.0 = Release|Any CPU
		{15324B69-7D18-49F3-9141-B024079356E8}.Release|x86.ActiveCfg = Release|Any CPU
		{15324B69-7D18-49F3-9141-B024079356E8}.Release|x86.Build.0 = Release|Any CPU
		{AD45E333-FBC5-42EE-BA3F-66DA6B2C8C1C}.Debug|Any CPU.ActiveCfg = Debug|Any CPU
		{AD45E333-FBC5-42EE-BA3F-66DA6B2C8C1C}.Debug|Any CPU.Build.0 = Debug|Any CPU
		{AD45E333-FBC5-42EE-BA3F-66DA6B2C8C1C}.Debug|x64.ActiveCfg = Debug|Any CPU
		{AD45E333-FBC5-42EE-BA3F-66DA6B2C8C1C}.Debug|x86.ActiveCfg = Debug|Any CPU
		{AD45E333-FBC5-42EE-BA3F-66DA6B2C8C1C}.Debug|x86.Build.0 = Debug|Any CPU
		{AD45E333-FBC5-42EE-BA3F-66DA6B2C8C1C}.Release|Any CPU.ActiveCfg = Release|Any CPU
		{AD45E333-FBC5-42EE-BA3F-66DA6B2C8C1C}.Release|Any CPU.Build.0 = Release|Any CPU
		{AD45E333-FBC5-42EE-BA3F-66DA6B2C8C1C}.Release|x64.ActiveCfg = Release|Any CPU
		{AD45E333-FBC5-42EE-BA3F-66DA6B2C8C1C}.Release|x64.Build.0 = Release|Any CPU
		{AD45E333-FBC5-42EE-BA3F-66DA6B2C8C1C}.Release|x86.ActiveCfg = Release|Any CPU
		{AD45E333-FBC5-42EE-BA3F-66DA6B2C8C1C}.Release|x86.Build.0 = Release|Any CPU
	EndGlobalSection
	GlobalSection(SolutionProperties) = preSolution
		HideSolutionNode = FALSE
	EndGlobalSection
	GlobalSection(NestedProjects) = preSolution
		{E963B766-56BF-4966-8917-88C1EE69D61A} = {9E587B86-2AD9-446D-8DD5-D710167A7F54}
		{E3D700D5-BDFB-4777-8E9C-53E8F943AC58} = {9E587B86-2AD9-446D-8DD5-D710167A7F54}
		{941ED6A5-C8DF-459D-BFCE-5C6ED9AC0492} = {9E587B86-2AD9-446D-8DD5-D710167A7F54}
		{9B56A150-ECE3-4099-AEA1-0F8E115DC374} = {9E587B86-2AD9-446D-8DD5-D710167A7F54}
		{08504AA1-0378-4F07-94AE-F1A40911E1AD} = {3F907958-AD04-4245-AE71-DC8D06A473E9}
		{881311DB-0898-4B7B-BB33-E9F16359195A} = {3F966B33-01BF-49D9-9EEC-C6A81308D6F6}
		{D91C7587-4BF6-4D93-A853-B6D7D30FA319} = {3F907958-AD04-4245-AE71-DC8D06A473E9}
		{12EE9232-10AD-4E0F-A848-42C8A79876B8} = {3F907958-AD04-4245-AE71-DC8D06A473E9}
		{7970C290-A9E8-4ED3-83BC-9E8654ECD8D6} = {3F907958-AD04-4245-AE71-DC8D06A473E9}
		{29E2FF1E-7E0D-4CF6-B66A-3A116EB8209F} = {3F966B33-01BF-49D9-9EEC-C6A81308D6F6}
		{1A1B92CF-3592-47D0-B721-DF40274B7F80} = {3F966B33-01BF-49D9-9EEC-C6A81308D6F6}
		{41219373-E25E-48C8-AD64-EAB58244E713} = {3F907958-AD04-4245-AE71-DC8D06A473E9}
		{4703CD4F-FA9B-4E2D-91A1-19BC1A73230D} = {C15B0F59-C4CF-4B2E-8057-9CDFCBD24F6A}
		{2625A6B7-505A-43F7-9282-24AFE5A3DB64} = {9E587B86-2AD9-446D-8DD5-D710167A7F54}
		{296D2876-8284-4E2A-8273-BC88CE854392} = {3F907958-AD04-4245-AE71-DC8D06A473E9}
		{811B2F72-5DFA-4FA2-AEF5-250D69B64711} = {3F907958-AD04-4245-AE71-DC8D06A473E9}
		{15324B69-7D18-49F3-9141-B024079356E8} = {9E587B86-2AD9-446D-8DD5-D710167A7F54}
		{AD45E333-FBC5-42EE-BA3F-66DA6B2C8C1C} = {3F907958-AD04-4245-AE71-DC8D06A473E9}
	EndGlobalSection
	GlobalSection(ExtensibilityGlobals) = postSolution
		SolutionGuid = {DB5649B3-A4A6-470B-8112-BA0FED456648}
	EndGlobalSection
EndGlobal
