
Microsoft Visual Studio Solution File, Format Version 12.00
# Visual Studio 2013
VisualStudioVersion = 12.0.31101.0
MinimumVisualStudioVersion = 10.0.40219.1
Project("{FAE04EC0-301F-11D3-BF4B-00C04F79EFBC}") = "TVPlay", "TVPlay\TVPlay.csproj", "{B2FD5EA3-CB51-470B-A58B-E2400983DD79}"
	ProjectSection(ProjectDependencies) = postProject
		{9B56A150-ECE3-4099-AEA1-0F8E115DC374} = {9B56A150-ECE3-4099-AEA1-0F8E115DC374}
		{BCCACA68-8BB6-4D9C-B546-795A2A8DEE93} = {BCCACA68-8BB6-4D9C-B546-795A2A8DEE93}
		{941ED6A5-C8DF-459D-BFCE-5C6ED9AC0492} = {941ED6A5-C8DF-459D-BFCE-5C6ED9AC0492}
		{9ACA6AE7-49ED-4599-91AC-927680CF9623} = {9ACA6AE7-49ED-4599-91AC-927680CF9623}
	EndProjectSection
EndProject
Project("{8BC9CEB8-8B4A-11D0-8D11-00A0C91BC942}") = "FFMpegUtils", "FFMpegUtils\FFMpegUtils.vcxproj", "{AAA90FDF-4E13-490E-A4A4-9B83F522F6C4}"
EndProject
Project("{FAE04EC0-301F-11D3-BF4B-00C04F79EFBC}") = "System.Net.FtpClient", "System.Net.FtpClient\source\System.Net.FtpClient.csproj", "{E963B766-56BF-4966-8917-88C1EE69D61A}"
EndProject
Project("{FAE04EC0-301F-11D3-BF4B-00C04F79EFBC}") = "Infralution.Localization.Wpf", "Infralution.Localization.Wpf\Infralution.Localization.Wpf.csproj", "{E3D700D5-BDFB-4777-8E9C-53E8F943AC58}"
EndProject
Project("{FAE04EC0-301F-11D3-BF4B-00C04F79EFBC}") = "Svt.Network", "Svt\Svt.Network\Svt.Network.csproj", "{941ED6A5-C8DF-459D-BFCE-5C6ED9AC0492}"
EndProject
Project("{FAE04EC0-301F-11D3-BF4B-00C04F79EFBC}") = "Svt.Caspar", "Svt\Svt.Caspar\Svt.Caspar.csproj", "{9B56A150-ECE3-4099-AEA1-0F8E115DC374}"
	ProjectSection(ProjectDependencies) = postProject
		{941ED6A5-C8DF-459D-BFCE-5C6ED9AC0492} = {941ED6A5-C8DF-459D-BFCE-5C6ED9AC0492}
	EndProjectSection
EndProject
Project("{2150E333-8FDC-42A3-9474-1A3956D46DE8}") = "SVT", "SVT", "{7F039A85-2A1E-474A-869A-AAE97130BF34}"
EndProject
Project("{2150E333-8FDC-42A3-9474-1A3956D46DE8}") = "Plugins", "Plugins", "{3F907958-AD04-4245-AE71-DC8D06A473E9}"
EndProject
Project("{FAE04EC0-301F-11D3-BF4B-00C04F79EFBC}") = "TAS.Server.LocalDevices", "TAS.Server.LocalSettings\TAS.Server.LocalDevices.csproj", "{08504AA1-0378-4F07-94AE-F1A40911E1AD}"
EndProject
Project("{FAE04EC0-301F-11D3-BF4B-00C04F79EFBC}") = "TAS.Server.Common", "TAS.Server.Common\TAS.Server.Common.csproj", "{9ACA6AE7-49ED-4599-91AC-927680CF9623}"
EndProject
Project("{FAE04EC0-301F-11D3-BF4B-00C04F79EFBC}") = "TAS.Client.Common", "TAS.Client.Common\TAS.Client.Common.csproj", "{BCCACA68-8BB6-4D9C-B546-795A2A8DEE93}"
	ProjectSection(ProjectDependencies) = postProject
		{9ACA6AE7-49ED-4599-91AC-927680CF9623} = {9ACA6AE7-49ED-4599-91AC-927680CF9623}
	EndProjectSection
EndProject
Project("{FAE04EC0-301F-11D3-BF4B-00C04F79EFBC}") = "TAS.Client.Setup", "TAS.Client.Setup\TAS.Client.Setup.csproj", "{86071DE4-1A5D-4889-B54A-08DA101B2B51}"
EndProject
Project("{FAE04EC0-301F-11D3-BF4B-00C04F79EFBC}") = "TVPlay.setup", "TVPlay.setup\TVPlay.setup.csproj", "{0BB48447-B299-4CE9-AF50-174384B269D0}"
EndProject
Global
	GlobalSection(SolutionConfigurationPlatforms) = preSolution
		Debug|Any CPU = Debug|Any CPU
		Debug|x64 = Debug|x64
		Debug|x86 = Debug|x86
		Release|Any CPU = Release|Any CPU
		Release|x64 = Release|x64
		Release|x86 = Release|x86
	EndGlobalSection
	GlobalSection(ProjectConfigurationPlatforms) = postSolution
		{B2FD5EA3-CB51-470B-A58B-E2400983DD79}.Debug|Any CPU.ActiveCfg = Debug|Any CPU
		{B2FD5EA3-CB51-470B-A58B-E2400983DD79}.Debug|Any CPU.Build.0 = Debug|Any CPU
		{B2FD5EA3-CB51-470B-A58B-E2400983DD79}.Debug|x64.ActiveCfg = Debug|Any CPU
		{B2FD5EA3-CB51-470B-A58B-E2400983DD79}.Debug|x64.Build.0 = Debug|Any CPU
		{B2FD5EA3-CB51-470B-A58B-E2400983DD79}.Debug|x86.ActiveCfg = Debug|Any CPU
		{B2FD5EA3-CB51-470B-A58B-E2400983DD79}.Debug|x86.Build.0 = Debug|Any CPU
		{B2FD5EA3-CB51-470B-A58B-E2400983DD79}.Release|Any CPU.ActiveCfg = Release|Any CPU
		{B2FD5EA3-CB51-470B-A58B-E2400983DD79}.Release|Any CPU.Build.0 = Release|Any CPU
		{B2FD5EA3-CB51-470B-A58B-E2400983DD79}.Release|x64.ActiveCfg = Release|Any CPU
		{B2FD5EA3-CB51-470B-A58B-E2400983DD79}.Release|x64.Build.0 = Release|Any CPU
		{B2FD5EA3-CB51-470B-A58B-E2400983DD79}.Release|x86.ActiveCfg = Release|Any CPU
		{B2FD5EA3-CB51-470B-A58B-E2400983DD79}.Release|x86.Build.0 = Release|Any CPU
		{AAA90FDF-4E13-490E-A4A4-9B83F522F6C4}.Debug|Any CPU.ActiveCfg = Debug|x64
		{AAA90FDF-4E13-490E-A4A4-9B83F522F6C4}.Debug|Any CPU.Build.0 = Debug|x64
		{AAA90FDF-4E13-490E-A4A4-9B83F522F6C4}.Debug|x64.ActiveCfg = Debug|x64
		{AAA90FDF-4E13-490E-A4A4-9B83F522F6C4}.Debug|x64.Build.0 = Debug|x64
		{AAA90FDF-4E13-490E-A4A4-9B83F522F6C4}.Debug|x86.ActiveCfg = Debug|Win32
		{AAA90FDF-4E13-490E-A4A4-9B83F522F6C4}.Debug|x86.Build.0 = Debug|Win32
		{AAA90FDF-4E13-490E-A4A4-9B83F522F6C4}.Release|Any CPU.ActiveCfg = Release|x64
		{AAA90FDF-4E13-490E-A4A4-9B83F522F6C4}.Release|Any CPU.Build.0 = Release|x64
		{AAA90FDF-4E13-490E-A4A4-9B83F522F6C4}.Release|x64.ActiveCfg = Release|x64
		{AAA90FDF-4E13-490E-A4A4-9B83F522F6C4}.Release|x64.Build.0 = Release|x64
		{AAA90FDF-4E13-490E-A4A4-9B83F522F6C4}.Release|x86.ActiveCfg = Release|Win32
		{AAA90FDF-4E13-490E-A4A4-9B83F522F6C4}.Release|x86.Build.0 = Release|Win32
		{E963B766-56BF-4966-8917-88C1EE69D61A}.Debug|Any CPU.ActiveCfg = Debug|Any CPU
		{E963B766-56BF-4966-8917-88C1EE69D61A}.Debug|Any CPU.Build.0 = Debug|Any CPU
		{E963B766-56BF-4966-8917-88C1EE69D61A}.Debug|x64.ActiveCfg = Debug|Any CPU
		{E963B766-56BF-4966-8917-88C1EE69D61A}.Debug|x64.Build.0 = Debug|Any CPU
		{E963B766-56BF-4966-8917-88C1EE69D61A}.Debug|x86.ActiveCfg = Debug|Any CPU
		{E963B766-56BF-4966-8917-88C1EE69D61A}.Debug|x86.Build.0 = Debug|Any CPU
		{E963B766-56BF-4966-8917-88C1EE69D61A}.Release|Any CPU.ActiveCfg = Release|Any CPU
		{E963B766-56BF-4966-8917-88C1EE69D61A}.Release|Any CPU.Build.0 = Release|Any CPU
		{E963B766-56BF-4966-8917-88C1EE69D61A}.Release|x64.ActiveCfg = Release|Any CPU
		{E963B766-56BF-4966-8917-88C1EE69D61A}.Release|x64.Build.0 = Release|Any CPU
		{E963B766-56BF-4966-8917-88C1EE69D61A}.Release|x86.ActiveCfg = Release|Any CPU
		{E963B766-56BF-4966-8917-88C1EE69D61A}.Release|x86.Build.0 = Release|Any CPU
		{E3D700D5-BDFB-4777-8E9C-53E8F943AC58}.Debug|Any CPU.ActiveCfg = Debug|Any CPU
		{E3D700D5-BDFB-4777-8E9C-53E8F943AC58}.Debug|Any CPU.Build.0 = Debug|Any CPU
		{E3D700D5-BDFB-4777-8E9C-53E8F943AC58}.Debug|Any CPU.Deploy.0 = Debug|Any CPU
		{E3D700D5-BDFB-4777-8E9C-53E8F943AC58}.Debug|x64.ActiveCfg = Debug|Any CPU
		{E3D700D5-BDFB-4777-8E9C-53E8F943AC58}.Debug|x64.Build.0 = Debug|Any CPU
		{E3D700D5-BDFB-4777-8E9C-53E8F943AC58}.Debug|x86.ActiveCfg = Debug|Any CPU
		{E3D700D5-BDFB-4777-8E9C-53E8F943AC58}.Debug|x86.Build.0 = Debug|Any CPU
		{E3D700D5-BDFB-4777-8E9C-53E8F943AC58}.Release|Any CPU.ActiveCfg = Release|Any CPU
		{E3D700D5-BDFB-4777-8E9C-53E8F943AC58}.Release|Any CPU.Build.0 = Release|Any CPU
		{E3D700D5-BDFB-4777-8E9C-53E8F943AC58}.Release|x64.ActiveCfg = Release|Any CPU
		{E3D700D5-BDFB-4777-8E9C-53E8F943AC58}.Release|x64.Build.0 = Release|Any CPU
		{E3D700D5-BDFB-4777-8E9C-53E8F943AC58}.Release|x86.ActiveCfg = Release|Any CPU
		{E3D700D5-BDFB-4777-8E9C-53E8F943AC58}.Release|x86.Build.0 = Release|Any CPU
		{941ED6A5-C8DF-459D-BFCE-5C6ED9AC0492}.Debug|Any CPU.ActiveCfg = Debug|Any CPU
		{941ED6A5-C8DF-459D-BFCE-5C6ED9AC0492}.Debug|Any CPU.Build.0 = Debug|Any CPU
		{941ED6A5-C8DF-459D-BFCE-5C6ED9AC0492}.Debug|x64.ActiveCfg = Debug|Any CPU
		{941ED6A5-C8DF-459D-BFCE-5C6ED9AC0492}.Debug|x64.Build.0 = Debug|Any CPU
		{941ED6A5-C8DF-459D-BFCE-5C6ED9AC0492}.Debug|x86.ActiveCfg = Debug|Any CPU
		{941ED6A5-C8DF-459D-BFCE-5C6ED9AC0492}.Debug|x86.Build.0 = Debug|Any CPU
		{941ED6A5-C8DF-459D-BFCE-5C6ED9AC0492}.Release|Any CPU.ActiveCfg = Release|Any CPU
		{941ED6A5-C8DF-459D-BFCE-5C6ED9AC0492}.Release|Any CPU.Build.0 = Release|Any CPU
		{941ED6A5-C8DF-459D-BFCE-5C6ED9AC0492}.Release|x64.ActiveCfg = Release|x64
		{941ED6A5-C8DF-459D-BFCE-5C6ED9AC0492}.Release|x64.Build.0 = Release|x64
		{941ED6A5-C8DF-459D-BFCE-5C6ED9AC0492}.Release|x86.ActiveCfg = Release|Any CPU
		{941ED6A5-C8DF-459D-BFCE-5C6ED9AC0492}.Release|x86.Build.0 = Release|Any CPU
		{9B56A150-ECE3-4099-AEA1-0F8E115DC374}.Debug|Any CPU.ActiveCfg = Debug|Any CPU
		{9B56A150-ECE3-4099-AEA1-0F8E115DC374}.Debug|Any CPU.Build.0 = Debug|Any CPU
		{9B56A150-ECE3-4099-AEA1-0F8E115DC374}.Debug|x64.ActiveCfg = Debug|Any CPU
		{9B56A150-ECE3-4099-AEA1-0F8E115DC374}.Debug|x64.Build.0 = Debug|Any CPU
		{9B56A150-ECE3-4099-AEA1-0F8E115DC374}.Debug|x86.ActiveCfg = Debug|Any CPU
		{9B56A150-ECE3-4099-AEA1-0F8E115DC374}.Debug|x86.Build.0 = Debug|Any CPU
		{9B56A150-ECE3-4099-AEA1-0F8E115DC374}.Release|Any CPU.ActiveCfg = Release|Any CPU
		{9B56A150-ECE3-4099-AEA1-0F8E115DC374}.Release|Any CPU.Build.0 = Release|Any CPU
		{9B56A150-ECE3-4099-AEA1-0F8E115DC374}.Release|x64.ActiveCfg = Release|x64
		{9B56A150-ECE3-4099-AEA1-0F8E115DC374}.Release|x64.Build.0 = Release|x64
		{9B56A150-ECE3-4099-AEA1-0F8E115DC374}.Release|x86.ActiveCfg = Release|Any CPU
		{9B56A150-ECE3-4099-AEA1-0F8E115DC374}.Release|x86.Build.0 = Release|Any CPU
		{08504AA1-0378-4F07-94AE-F1A40911E1AD}.Debug|Any CPU.ActiveCfg = Debug|Any CPU
		{08504AA1-0378-4F07-94AE-F1A40911E1AD}.Debug|Any CPU.Build.0 = Debug|Any CPU
		{08504AA1-0378-4F07-94AE-F1A40911E1AD}.Debug|x64.ActiveCfg = Debug|Any CPU
		{08504AA1-0378-4F07-94AE-F1A40911E1AD}.Debug|x64.Build.0 = Debug|Any CPU
		{08504AA1-0378-4F07-94AE-F1A40911E1AD}.Debug|x86.ActiveCfg = Debug|Any CPU
		{08504AA1-0378-4F07-94AE-F1A40911E1AD}.Debug|x86.Build.0 = Debug|Any CPU
		{08504AA1-0378-4F07-94AE-F1A40911E1AD}.Release|Any CPU.ActiveCfg = Release|Any CPU
		{08504AA1-0378-4F07-94AE-F1A40911E1AD}.Release|Any CPU.Build.0 = Release|Any CPU
		{08504AA1-0378-4F07-94AE-F1A40911E1AD}.Release|x64.ActiveCfg = Release|Any CPU
		{08504AA1-0378-4F07-94AE-F1A40911E1AD}.Release|x64.Build.0 = Release|Any CPU
		{08504AA1-0378-4F07-94AE-F1A40911E1AD}.Release|x86.ActiveCfg = Release|Any CPU
		{08504AA1-0378-4F07-94AE-F1A40911E1AD}.Release|x86.Build.0 = Release|Any CPU
		{9ACA6AE7-49ED-4599-91AC-927680CF9623}.Debug|Any CPU.ActiveCfg = Debug|Any CPU
		{9ACA6AE7-49ED-4599-91AC-927680CF9623}.Debug|Any CPU.Build.0 = Debug|Any CPU
		{9ACA6AE7-49ED-4599-91AC-927680CF9623}.Debug|x64.ActiveCfg = Debug|Any CPU
		{9ACA6AE7-49ED-4599-91AC-927680CF9623}.Debug|x64.Build.0 = Debug|Any CPU
		{9ACA6AE7-49ED-4599-91AC-927680CF9623}.Debug|x86.ActiveCfg = Debug|Any CPU
		{9ACA6AE7-49ED-4599-91AC-927680CF9623}.Debug|x86.Build.0 = Debug|Any CPU
		{9ACA6AE7-49ED-4599-91AC-927680CF9623}.Release|Any CPU.ActiveCfg = Release|Any CPU
		{9ACA6AE7-49ED-4599-91AC-927680CF9623}.Release|Any CPU.Build.0 = Release|Any CPU
		{9ACA6AE7-49ED-4599-91AC-927680CF9623}.Release|x64.ActiveCfg = Release|Any CPU
		{9ACA6AE7-49ED-4599-91AC-927680CF9623}.Release|x64.Build.0 = Release|Any CPU
		{9ACA6AE7-49ED-4599-91AC-927680CF9623}.Release|x86.ActiveCfg = Release|Any CPU
		{9ACA6AE7-49ED-4599-91AC-927680CF9623}.Release|x86.Build.0 = Release|Any CPU
		{BCCACA68-8BB6-4D9C-B546-795A2A8DEE93}.Debug|Any CPU.ActiveCfg = Debug|Any CPU
		{BCCACA68-8BB6-4D9C-B546-795A2A8DEE93}.Debug|Any CPU.Build.0 = Debug|Any CPU
		{BCCACA68-8BB6-4D9C-B546-795A2A8DEE93}.Debug|x64.ActiveCfg = Debug|Any CPU
		{BCCACA68-8BB6-4D9C-B546-795A2A8DEE93}.Debug|x64.Build.0 = Debug|Any CPU
		{BCCACA68-8BB6-4D9C-B546-795A2A8DEE93}.Debug|x86.ActiveCfg = Debug|Any CPU
		{BCCACA68-8BB6-4D9C-B546-795A2A8DEE93}.Debug|x86.Build.0 = Debug|Any CPU
		{BCCACA68-8BB6-4D9C-B546-795A2A8DEE93}.Release|Any CPU.ActiveCfg = Release|Any CPU
		{BCCACA68-8BB6-4D9C-B546-795A2A8DEE93}.Release|Any CPU.Build.0 = Release|Any CPU
		{BCCACA68-8BB6-4D9C-B546-795A2A8DEE93}.Release|x64.ActiveCfg = Release|Any CPU
		{BCCACA68-8BB6-4D9C-B546-795A2A8DEE93}.Release|x64.Build.0 = Release|Any CPU
		{BCCACA68-8BB6-4D9C-B546-795A2A8DEE93}.Release|x86.ActiveCfg = Release|Any CPU
		{BCCACA68-8BB6-4D9C-B546-795A2A8DEE93}.Release|x86.Build.0 = Release|Any CPU
		{86071DE4-1A5D-4889-B54A-08DA101B2B51}.Debug|Any CPU.ActiveCfg = Debug|Any CPU
		{86071DE4-1A5D-4889-B54A-08DA101B2B51}.Debug|Any CPU.Build.0 = Debug|Any CPU
		{86071DE4-1A5D-4889-B54A-08DA101B2B51}.Debug|x64.ActiveCfg = Debug|Any CPU
		{86071DE4-1A5D-4889-B54A-08DA101B2B51}.Debug|x64.Build.0 = Debug|Any CPU
		{86071DE4-1A5D-4889-B54A-08DA101B2B51}.Debug|x86.ActiveCfg = Debug|Any CPU
		{86071DE4-1A5D-4889-B54A-08DA101B2B51}.Debug|x86.Build.0 = Debug|Any CPU
		{86071DE4-1A5D-4889-B54A-08DA101B2B51}.Release|Any CPU.ActiveCfg = Release|Any CPU
		{86071DE4-1A5D-4889-B54A-08DA101B2B51}.Release|Any CPU.Build.0 = Release|Any CPU
		{86071DE4-1A5D-4889-B54A-08DA101B2B51}.Release|x64.ActiveCfg = Release|Any CPU
		{86071DE4-1A5D-4889-B54A-08DA101B2B51}.Release|x64.Build.0 = Release|Any CPU
		{86071DE4-1A5D-4889-B54A-08DA101B2B51}.Release|x86.ActiveCfg = Release|Any CPU
		{86071DE4-1A5D-4889-B54A-08DA101B2B51}.Release|x86.Build.0 = Release|Any CPU
		{0BB48447-B299-4CE9-AF50-174384B269D0}.Debug|Any CPU.ActiveCfg = Debug|Any CPU
		{0BB48447-B299-4CE9-AF50-174384B269D0}.Debug|Any CPU.Build.0 = Debug|Any CPU
		{0BB48447-B299-4CE9-AF50-174384B269D0}.Debug|x64.ActiveCfg = Debug|Any CPU
		{0BB48447-B299-4CE9-AF50-174384B269D0}.Debug|x64.Build.0 = Debug|Any CPU
		{0BB48447-B299-4CE9-AF50-174384B269D0}.Debug|x86.ActiveCfg = Debug|Any CPU
		{0BB48447-B299-4CE9-AF50-174384B269D0}.Debug|x86.Build.0 = Debug|Any CPU
		{0BB48447-B299-4CE9-AF50-174384B269D0}.Release|Any CPU.ActiveCfg = Release|Any CPU
		{0BB48447-B299-4CE9-AF50-174384B269D0}.Release|Any CPU.Build.0 = Release|Any CPU
		{0BB48447-B299-4CE9-AF50-174384B269D0}.Release|x64.ActiveCfg = Release|Any CPU
		{0BB48447-B299-4CE9-AF50-174384B269D0}.Release|x64.Build.0 = Release|Any CPU
		{0BB48447-B299-4CE9-AF50-174384B269D0}.Release|x86.ActiveCfg = Release|Any CPU
		{0BB48447-B299-4CE9-AF50-174384B269D0}.Release|x86.Build.0 = Release|Any CPU
	EndGlobalSection
	GlobalSection(SolutionProperties) = preSolution
		HideSolutionNode = FALSE
	EndGlobalSection
	GlobalSection(NestedProjects) = preSolution
		{941ED6A5-C8DF-459D-BFCE-5C6ED9AC0492} = {7F039A85-2A1E-474A-869A-AAE97130BF34}
		{9B56A150-ECE3-4099-AEA1-0F8E115DC374} = {7F039A85-2A1E-474A-869A-AAE97130BF34}
		{08504AA1-0378-4F07-94AE-F1A40911E1AD} = {3F907958-AD04-4245-AE71-DC8D06A473E9}
	EndGlobalSection
EndGlobal
